
Microsoft Visual Studio Solution File, Format Version 12.00
# Visual Studio 2012
Project("{8BC9CEB8-8B4A-11D0-8D11-00A0C91BC942}") = "INVENTORY program", "INVENTORY program\INVENTORY program.vcxproj", "{931A2EB4-F3B0-4AF5-BB01-233C70D1810C}"
EndProject
Global
	GlobalSection(SolutionConfigurationPlatforms) = preSolution
		Debug|Win32 = Debug|Win32
		Release|Win32 = Release|Win32
	EndGlobalSection
	GlobalSection(ProjectConfigurationPlatforms) = postSolution
		{931A2EB4-F3B0-4AF5-BB01-233C70D1810C}.Debug|Win32.ActiveCfg = Debug|Win32
		{931A2EB4-F3B0-4AF5-BB01-233C70D1810C}.Debug|Win32.Build.0 = Debug|Win32
		{931A2EB4-F3B0-4AF5-BB01-233C70D1810C}.Release|Win32.ActiveCfg = Release|Win32
		{931A2EB4-F3B0-4AF5-BB01-233C70D1810C}.Release|Win32.Build.0 = Release|Win32
	EndGlobalSection
	GlobalSection(SolutionProperties) = preSolution
		HideSolutionNode = FALSE
	EndGlobalSection
EndGlobal
