
Microsoft Visual Studio Solution File, Format Version 11.00
# Visual C++ Express 2010
Project("{8BC9CEB8-8B4A-11D0-8D11-00A0C91BC942}") = "tic tac toe", "tic tac toe\tic tac toe.vcxproj", "{AABA9367-3AD7-411E-B92B-D1163A046196}"
EndProject
Global
	GlobalSection(SolutionConfigurationPlatforms) = preSolution
		Debug|Win32 = Debug|Win32
		Debug|Win32 console application = Debug|Win32 console application
		Release|Win32 = Release|Win32
		Release|Win32 console application = Release|Win32 console application
	EndGlobalSection
	GlobalSection(ProjectConfigurationPlatforms) = postSolution
		{AABA9367-3AD7-411E-B92B-D1163A046196}.Debug|Win32.ActiveCfg = Debug|Win32
		{AABA9367-3AD7-411E-B92B-D1163A046196}.Debug|Win32.Build.0 = Debug|Win32
		{AABA9367-3AD7-411E-B92B-D1163A046196}.Debug|Win32 console application.ActiveCfg = Debug|Win32
		{AABA9367-3AD7-411E-B92B-D1163A046196}.Debug|Win32 console application.Build.0 = Debug|Win32
		{AABA9367-3AD7-411E-B92B-D1163A046196}.Release|Win32.ActiveCfg = Release|Win32
		{AABA9367-3AD7-411E-B92B-D1163A046196}.Release|Win32.Build.0 = Release|Win32
		{AABA9367-3AD7-411E-B92B-D1163A046196}.Release|Win32 console application.ActiveCfg = Release|Win32
		{AABA9367-3AD7-411E-B92B-D1163A046196}.Release|Win32 console application.Build.0 = Release|Win32
	EndGlobalSection
	GlobalSection(SolutionProperties) = preSolution
		HideSolutionNode = FALSE
	EndGlobalSection
EndGlobal
