
Microsoft Visual Studio Solution File, Format Version 12.00
# Visual Studio 2012
Project("{8BC9CEB8-8B4A-11D0-8D11-00A0C91BC942}") = "Home Task 7 ,Q 2,Singleton", "Home Task 7 ,Q 2,Singleton\Home Task 7 ,Q 2,Singleton.vcxproj", "{9064E7C8-6585-45D7-97BE-020C6EE28171}"
EndProject
Global
	GlobalSection(SolutionConfigurationPlatforms) = preSolution
		Debug|Win32 = Debug|Win32
		Release|Win32 = Release|Win32
	EndGlobalSection
	GlobalSection(ProjectConfigurationPlatforms) = postSolution
		{9064E7C8-6585-45D7-97BE-020C6EE28171}.Debug|Win32.ActiveCfg = Debug|Win32
		{9064E7C8-6585-45D7-97BE-020C6EE28171}.Debug|Win32.Build.0 = Debug|Win32
		{9064E7C8-6585-45D7-97BE-020C6EE28171}.Release|Win32.ActiveCfg = Release|Win32
		{9064E7C8-6585-45D7-97BE-020C6EE28171}.Release|Win32.Build.0 = Release|Win32
	EndGlobalSection
	GlobalSection(SolutionProperties) = preSolution
		HideSolutionNode = FALSE
	EndGlobalSection
EndGlobal
