
Microsoft Visual Studio Solution File, Format Version 12.00
# Visual Studio 2012
Project("{8BC9CEB8-8B4A-11D0-8D11-00A0C91BC942}") = "Matrix of Rational numbers", "Matrix of Rational numbers\Matrix of Rational numbers.vcxproj", "{A8FB4B02-31EF-4A75-A758-AE4497539C46}"
EndProject
Global
	GlobalSection(SolutionConfigurationPlatforms) = preSolution
		Debug|Win32 = Debug|Win32
		Release|Win32 = Release|Win32
	EndGlobalSection
	GlobalSection(ProjectConfigurationPlatforms) = postSolution
		{A8FB4B02-31EF-4A75-A758-AE4497539C46}.Debug|Win32.ActiveCfg = Debug|Win32
		{A8FB4B02-31EF-4A75-A758-AE4497539C46}.Debug|Win32.Build.0 = Debug|Win32
		{A8FB4B02-31EF-4A75-A758-AE4497539C46}.Release|Win32.ActiveCfg = Release|Win32
		{A8FB4B02-31EF-4A75-A758-AE4497539C46}.Release|Win32.Build.0 = Release|Win32
	EndGlobalSection
	GlobalSection(SolutionProperties) = preSolution
		HideSolutionNode = FALSE
	EndGlobalSection
EndGlobal
