
Microsoft Visual Studio Solution File, Format Version 12.00
# Visual Studio 2012
Project("{8BC9CEB8-8B4A-11D0-8D11-00A0C91BC942}") = "13 inventry program", "13 inventry program\13 inventry program.vcxproj", "{4EB9D0DA-0796-4FAA-995A-7CF0E861BFE2}"
EndProject
Global
	GlobalSection(SolutionConfigurationPlatforms) = preSolution
		Debug|Win32 = Debug|Win32
		Release|Win32 = Release|Win32
	EndGlobalSection
	GlobalSection(ProjectConfigurationPlatforms) = postSolution
		{4EB9D0DA-0796-4FAA-995A-7CF0E861BFE2}.Debug|Win32.ActiveCfg = Debug|Win32
		{4EB9D0DA-0796-4FAA-995A-7CF0E861BFE2}.Debug|Win32.Build.0 = Debug|Win32
		{4EB9D0DA-0796-4FAA-995A-7CF0E861BFE2}.Release|Win32.ActiveCfg = Release|Win32
		{4EB9D0DA-0796-4FAA-995A-7CF0E861BFE2}.Release|Win32.Build.0 = Release|Win32
	EndGlobalSection
	GlobalSection(SolutionProperties) = preSolution
		HideSolutionNode = FALSE
	EndGlobalSection
EndGlobal
