
Microsoft Visual Studio Solution File, Format Version 12.00
# Visual Studio 2012
Project("{8BC9CEB8-8B4A-11D0-8D11-00A0C91BC942}") = "find largest", "find largest\find largest.vcxproj", "{90F32924-8A65-49BB-95E6-07C3F954433B}"
EndProject
Global
	GlobalSection(SolutionConfigurationPlatforms) = preSolution
		Debug|Win32 = Debug|Win32
		Release|Win32 = Release|Win32
	EndGlobalSection
	GlobalSection(ProjectConfigurationPlatforms) = postSolution
		{90F32924-8A65-49BB-95E6-07C3F954433B}.Debug|Win32.ActiveCfg = Debug|Win32
		{90F32924-8A65-49BB-95E6-07C3F954433B}.Debug|Win32.Build.0 = Debug|Win32
		{90F32924-8A65-49BB-95E6-07C3F954433B}.Release|Win32.ActiveCfg = Release|Win32
		{90F32924-8A65-49BB-95E6-07C3F954433B}.Release|Win32.Build.0 = Release|Win32
	EndGlobalSection
	GlobalSection(SolutionProperties) = preSolution
		HideSolutionNode = FALSE
	EndGlobalSection
EndGlobal
