
Microsoft Visual Studio Solution File, Format Version 12.00
# Visual Studio 2012
Project("{8BC9CEB8-8B4A-11D0-8D11-00A0C91BC942}") = "ostream", "ostream\ostream.vcxproj", "{48E59476-75ED-4407-B338-616F951F78E8}"
EndProject
Global
	GlobalSection(SolutionConfigurationPlatforms) = preSolution
		Debug|Win32 = Debug|Win32
		Release|Win32 = Release|Win32
	EndGlobalSection
	GlobalSection(ProjectConfigurationPlatforms) = postSolution
		{48E59476-75ED-4407-B338-616F951F78E8}.Debug|Win32.ActiveCfg = Debug|Win32
		{48E59476-75ED-4407-B338-616F951F78E8}.Debug|Win32.Build.0 = Debug|Win32
		{48E59476-75ED-4407-B338-616F951F78E8}.Release|Win32.ActiveCfg = Release|Win32
		{48E59476-75ED-4407-B338-616F951F78E8}.Release|Win32.Build.0 = Release|Win32
	EndGlobalSection
	GlobalSection(SolutionProperties) = preSolution
		HideSolutionNode = FALSE
	EndGlobalSection
EndGlobal
