
Microsoft Visual Studio Solution File, Format Version 12.00
# Visual Studio 2012
Project("{8BC9CEB8-8B4A-11D0-8D11-00A0C91BC942}") = "Project Employ Company", "Project Employ Company\Project Employ Company.vcxproj", "{6302E01B-8B5B-4502-8F61-2BFE5499DEDD}"
EndProject
Global
	GlobalSection(SolutionConfigurationPlatforms) = preSolution
		Debug|Win32 = Debug|Win32
		Release|Win32 = Release|Win32
	EndGlobalSection
	GlobalSection(ProjectConfigurationPlatforms) = postSolution
		{6302E01B-8B5B-4502-8F61-2BFE5499DEDD}.Debug|Win32.ActiveCfg = Debug|Win32
		{6302E01B-8B5B-4502-8F61-2BFE5499DEDD}.Debug|Win32.Build.0 = Debug|Win32
		{6302E01B-8B5B-4502-8F61-2BFE5499DEDD}.Release|Win32.ActiveCfg = Release|Win32
		{6302E01B-8B5B-4502-8F61-2BFE5499DEDD}.Release|Win32.Build.0 = Release|Win32
	EndGlobalSection
	GlobalSection(SolutionProperties) = preSolution
		HideSolutionNode = FALSE
	EndGlobalSection
EndGlobal
