
Microsoft Visual Studio Solution File, Format Version 12.00
# Visual Studio 2012
Project("{8BC9CEB8-8B4A-11D0-8D11-00A0C91BC942}") = "Usng Exc. Han. to recer frm err", "Usng Exc. Han. to recer frm err\Usng Exc. Han. to recer frm err.vcxproj", "{91247E10-0154-458D-A5F9-C9E5E5E47796}"
EndProject
Global
	GlobalSection(SolutionConfigurationPlatforms) = preSolution
		Debug|Win32 = Debug|Win32
		Release|Win32 = Release|Win32
	EndGlobalSection
	GlobalSection(ProjectConfigurationPlatforms) = postSolution
		{91247E10-0154-458D-A5F9-C9E5E5E47796}.Debug|Win32.ActiveCfg = Debug|Win32
		{91247E10-0154-458D-A5F9-C9E5E5E47796}.Debug|Win32.Build.0 = Debug|Win32
		{91247E10-0154-458D-A5F9-C9E5E5E47796}.Release|Win32.ActiveCfg = Release|Win32
		{91247E10-0154-458D-A5F9-C9E5E5E47796}.Release|Win32.Build.0 = Release|Win32
	EndGlobalSection
	GlobalSection(SolutionProperties) = preSolution
		HideSolutionNode = FALSE
	EndGlobalSection
EndGlobal
