
Microsoft Visual Studio Solution File, Format Version 12.00
# Visual Studio 2012
Project("{8BC9CEB8-8B4A-11D0-8D11-00A0C91BC942}") = "Student class", "Student class\Student class.vcxproj", "{A6863DFB-DB21-4422-8E57-888BA7228361}"
EndProject
Global
	GlobalSection(SolutionConfigurationPlatforms) = preSolution
		Debug|Win32 = Debug|Win32
		Release|Win32 = Release|Win32
	EndGlobalSection
	GlobalSection(ProjectConfigurationPlatforms) = postSolution
		{A6863DFB-DB21-4422-8E57-888BA7228361}.Debug|Win32.ActiveCfg = Debug|Win32
		{A6863DFB-DB21-4422-8E57-888BA7228361}.Debug|Win32.Build.0 = Debug|Win32
		{A6863DFB-DB21-4422-8E57-888BA7228361}.Release|Win32.ActiveCfg = Release|Win32
		{A6863DFB-DB21-4422-8E57-888BA7228361}.Release|Win32.Build.0 = Release|Win32
	EndGlobalSection
	GlobalSection(SolutionProperties) = preSolution
		HideSolutionNode = FALSE
	EndGlobalSection
EndGlobal
