
Microsoft Visual Studio Solution File, Format Version 12.00
# Visual Studio 2012
Project("{8BC9CEB8-8B4A-11D0-8D11-00A0C91BC942}") = "Home Task 7 Q1 Class Math", "Home Task 7 Q1 Class Math\Home Task 7 Q1 Class Math.vcxproj", "{E0417605-96F0-4409-9197-7625D3502DA7}"
EndProject
Global
	GlobalSection(SolutionConfigurationPlatforms) = preSolution
		Debug|Win32 = Debug|Win32
		Release|Win32 = Release|Win32
	EndGlobalSection
	GlobalSection(ProjectConfigurationPlatforms) = postSolution
		{E0417605-96F0-4409-9197-7625D3502DA7}.Debug|Win32.ActiveCfg = Debug|Win32
		{E0417605-96F0-4409-9197-7625D3502DA7}.Debug|Win32.Build.0 = Debug|Win32
		{E0417605-96F0-4409-9197-7625D3502DA7}.Release|Win32.ActiveCfg = Release|Win32
		{E0417605-96F0-4409-9197-7625D3502DA7}.Release|Win32.Build.0 = Release|Win32
	EndGlobalSection
	GlobalSection(SolutionProperties) = preSolution
		HideSolutionNode = FALSE
	EndGlobalSection
EndGlobal
